// !$*UTF8*$!
{
	archiveVersion = 1;
	classes = {
	};
	objectVersion = 46;
	objects = {

/* Begin PBXBuildFile section */
		789DF89F18E60D8200DE045D /* Foundation.framework in Frameworks */ = {isa = PBXBuildFile; fileRef = 789DF89E18E60D8200DE045D /* Foundation.framework */; };
		789DF8A118E60D8200DE045D /* CoreGraphics.framework in Frameworks */ = {isa = PBXBuildFile; fileRef = 789DF8A018E60D8200DE045D /* CoreGraphics.framework */; };
		789DF8A318E60D8200DE045D /* UIKit.framework in Frameworks */ = {isa = PBXBuildFile; fileRef = 789DF8A218E60D8200DE045D /* UIKit.framework */; };
		789DF8A918E60D8200DE045D /* InfoPlist.strings in Resources */ = {isa = PBXBuildFile; fileRef = 789DF8A718E60D8200DE045D /* InfoPlist.strings */; };
		789DF8AB18E60D8200DE045D /* main.m in Sources */ = {isa = PBXBuildFile; fileRef = 789DF8AA18E60D8200DE045D /* main.m */; };
		789DF8AF18E60D8200DE045D /* STDAppDelegate.m in Sources */ = {isa = PBXBuildFile; fileRef = 789DF8AE18E60D8200DE045D /* STDAppDelegate.m */; };
		789DF8B218E60D8200DE045D /* Main.storyboard in Resources */ = {isa = PBXBuildFile; fileRef = 789DF8B018E60D8200DE045D /* Main.storyboard */; };
		789DF8B518E60D8200DE045D /* STDViewController.m in Sources */ = {isa = PBXBuildFile; fileRef = 789DF8B418E60D8200DE045D /* STDViewController.m */; };
		789DF8B718E60D8200DE045D /* Images.xcassets in Resources */ = {isa = PBXBuildFile; fileRef = 789DF8B618E60D8200DE045D /* Images.xcassets */; };
		789DF8BE18E60D8200DE045D /* XCTest.framework in Frameworks */ = {isa = PBXBuildFile; fileRef = 789DF8BD18E60D8200DE045D /* XCTest.framework */; };
		789DF8BF18E60D8200DE045D /* Foundation.framework in Frameworks */ = {isa = PBXBuildFile; fileRef = 789DF89E18E60D8200DE045D /* Foundation.framework */; };
		789DF8C018E60D8200DE045D /* UIKit.framework in Frameworks */ = {isa = PBXBuildFile; fileRef = 789DF8A218E60D8200DE045D /* UIKit.framework */; };
		789DF8C818E60D8200DE045D /* InfoPlist.strings in Resources */ = {isa = PBXBuildFile; fileRef = 789DF8C618E60D8200DE045D /* InfoPlist.strings */; };
		789DF8CA18E60D8200DE045D /* SomethingTODOTests.m in Sources */ = {isa = PBXBuildFile; fileRef = 789DF8C918E60D8200DE045D /* SomethingTODOTests.m */; };
/* End PBXBuildFile section */

/* Begin PBXContainerItemProxy section */
		789DF8C118E60D8200DE045D /* PBXContainerItemProxy */ = {
			isa = PBXContainerItemProxy;
			containerPortal = 789DF89318E60D8200DE045D /* Project object */;
			proxyType = 1;
			remoteGlobalIDString = 789DF89A18E60D8200DE045D;
			remoteInfo = SomethingTODO;
		};
/* End PBXContainerItemProxy section */

/* Begin PBXFileReference section */
		789DF89B18E60D8200DE045D /* SomethingTODO.app */ = {isa = PBXFileReference; explicitFileType = wrapper.application; includeInIndex = 0; path = SomethingTODO.app; sourceTree = BUILT_PRODUCTS_DIR; };
		789DF89E18E60D8200DE045D /* Foundation.framework */ = {isa = PBXFileReference; lastKnownFileType = wrapper.framework; name = Foundation.framework; path = System/Library/Frameworks/Foundation.framework; sourceTree = SDKROOT; };
		789DF8A018E60D8200DE045D /* CoreGraphics.framework */ = {isa = PBXFileReference; lastKnownFileType = wrapper.framework; name = CoreGraphics.framework; path = System/Library/Frameworks/CoreGraphics.framework; sourceTree = SDKROOT; };
		789DF8A218E60D8200DE045D /* UIKit.framework */ = {isa = PBXFileReference; lastKnownFileType = wrapper.framework; name = UIKit.framework; path = System/Library/Frameworks/UIKit.framework; sourceTree = SDKROOT; };
		789DF8A618E60D8200DE045D /* SomethingTODO-Info.plist */ = {isa = PBXFileReference; lastKnownFileType = text.plist.xml; path = "SomethingTODO-Info.plist"; sourceTree = "<group>"; };
		789DF8A818E60D8200DE045D /* en */ = {isa = PBXFileReference; lastKnownFileType = text.plist.strings; name = en; path = en.lproj/InfoPlist.strings; sourceTree = "<group>"; };
		789DF8AA18E60D8200DE045D /* main.m */ = {isa = PBXFileReference; lastKnownFileType = sourcecode.c.objc; path = main.m; sourceTree = "<group>"; };
		789DF8AC18E60D8200DE045D /* SomethingTODO-Prefix.pch */ = {isa = PBXFileReference; lastKnownFileType = sourcecode.c.h; path = "SomethingTODO-Prefix.pch"; sourceTree = "<group>"; };
		789DF8AD18E60D8200DE045D /* STDAppDelegate.h */ = {isa = PBXFileReference; lastKnownFileType = sourcecode.c.h; path = STDAppDelegate.h; sourceTree = "<group>"; };
		789DF8AE18E60D8200DE045D /* STDAppDelegate.m */ = {isa = PBXFileReference; lastKnownFileType = sourcecode.c.objc; path = STDAppDelegate.m; sourceTree = "<group>"; };
		789DF8B118E60D8200DE045D /* Base */ = {isa = PBXFileReference; lastKnownFileType = file.storyboard; name = Base; path = Base.lproj/Main.storyboard; sourceTree = "<group>"; };
		789DF8B318E60D8200DE045D /* STDViewController.h */ = {isa = PBXFileReference; lastKnownFileType = sourcecode.c.h; path = STDViewController.h; sourceTree = "<group>"; };
		789DF8B418E60D8200DE045D /* STDViewController.m */ = {isa = PBXFileReference; lastKnownFileType = sourcecode.c.objc; path = STDViewController.m; sourceTree = "<group>"; };
		789DF8B618E60D8200DE045D /* Images.xcassets */ = {isa = PBXFileReference; lastKnownFileType = folder.assetcatalog; path = Images.xcassets; sourceTree = "<group>"; };
		789DF8BC18E60D8200DE045D /* SomethingTODOTests.xctest */ = {isa = PBXFileReference; explicitFileType = wrapper.cfbundle; includeInIndex = 0; path = SomethingTODOTests.xctest; sourceTree = BUILT_PRODUCTS_DIR; };
		789DF8BD18E60D8200DE045D /* XCTest.framework */ = {isa = PBXFileReference; lastKnownFileType = wrapper.framework; name = XCTest.framework; path = Library/Frameworks/XCTest.framework; sourceTree = DEVELOPER_DIR; };
		789DF8C518E60D8200DE045D /* SomethingTODOTests-Info.plist */ = {isa = PBXFileReference; lastKnownFileType = text.plist.xml; path = "SomethingTODOTests-Info.plist"; sourceTree = "<group>"; };
		789DF8C718E60D8200DE045D /* en */ = {isa = PBXFileReference; lastKnownFileType = text.plist.strings; name = en; path = en.lproj/InfoPlist.strings; sourceTree = "<group>"; };
		789DF8C918E60D8200DE045D /* SomethingTODOTests.m */ = {isa = PBXFileReference; lastKnownFileType = sourcecode.c.objc; path = SomethingTODOTests.m; sourceTree = "<group>"; };
/* End PBXFileReference section */

/* Begin PBXFrameworksBuildPhase section */
		789DF89818E60D8200DE045D /* Frameworks */ = {
			isa = PBXFrameworksBuildPhase;
			buildActionMask = 2147483647;
			files = (
				789DF8A118E60D8200DE045D /* CoreGraphics.framework in Frameworks */,
				789DF8A318E60D8200DE045D /* UIKit.framework in Frameworks */,
				789DF89F18E60D8200DE045D /* Foundation.framework in Frameworks */,
			);
			runOnlyForDeploymentPostprocessing = 0;
		};
		789DF8B918E60D8200DE045D /* Frameworks */ = {
			isa = PBXFrameworksBuildPhase;
			buildActionMask = 2147483647;
			files = (
				789DF8BE18E60D8200DE045D /* XCTest.framework in Frameworks */,
				789DF8C018E60D8200DE045D /* UIKit.framework in Frameworks */,
				789DF8BF18E60D8200DE045D /* Foundation.framework in Frameworks */,
			);
			runOnlyForDeploymentPostprocessing = 0;
		};
/* End PBXFrameworksBuildPhase section */

/* Begin PBXGroup section */
		789DF89218E60D8200DE045D = {
			isa = PBXGroup;
			children = (
				789DF8A418E60D8200DE045D /* SomethingTODO */,
				789DF8C318E60D8200DE045D /* SomethingTODOTests */,
				789DF89D18E60D8200DE045D /* Frameworks */,
				789DF89C18E60D8200DE045D /* Products */,
			);
			sourceTree = "<group>";
		};
		789DF89C18E60D8200DE045D /* Products */ = {
			isa = PBXGroup;
			children = (
				789DF89B18E60D8200DE045D /* SomethingTODO.app */,
				789DF8BC18E60D8200DE045D /* SomethingTODOTests.xctest */,
			);
			name = Products;
			sourceTree = "<group>";
		};
		789DF89D18E60D8200DE045D /* Frameworks */ = {
			isa = PBXGroup;
			children = (
				789DF89E18E60D8200DE045D /* Foundation.framework */,
				789DF8A018E60D8200DE045D /* CoreGraphics.framework */,
				789DF8A218E60D8200DE045D /* UIKit.framework */,
				789DF8BD18E60D8200DE045D /* XCTest.framework */,
			);
			name = Frameworks;
			sourceTree = "<group>";
		};
		789DF8A418E60D8200DE045D /* SomethingTODO */ = {
			isa = PBXGroup;
			children = (
				789DF8AD18E60D8200DE045D /* STDAppDelegate.h */,
				789DF8AE18E60D8200DE045D /* STDAppDelegate.m */,
				789DF8B018E60D8200DE045D /* Main.storyboard */,
				789DF8B318E60D8200DE045D /* STDViewController.h */,
				789DF8B418E60D8200DE045D /* STDViewController.m */,
				789DF8B618E60D8200DE045D /* Images.xcassets */,
				789DF8A518E60D8200DE045D /* Supporting Files */,
			);
			path = SomethingTODO;
			sourceTree = "<group>";
		};
		789DF8A518E60D8200DE045D /* Supporting Files */ = {
			isa = PBXGroup;
			children = (
				789DF8A618E60D8200DE045D /* SomethingTODO-Info.plist */,
				789DF8A718E60D8200DE045D /* InfoPlist.strings */,
				789DF8AA18E60D8200DE045D /* main.m */,
				789DF8AC18E60D8200DE045D /* SomethingTODO-Prefix.pch */,
			);
			name = "Supporting Files";
			sourceTree = "<group>";
		};
		789DF8C318E60D8200DE045D /* SomethingTODOTests */ = {
			isa = PBXGroup;
			children = (
				789DF8C918E60D8200DE045D /* SomethingTODOTests.m */,
				789DF8C418E60D8200DE045D /* Supporting Files */,
			);
			path = SomethingTODOTests;
			sourceTree = "<group>";
		};
		789DF8C418E60D8200DE045D /* Supporting Files */ = {
			isa = PBXGroup;
			children = (
				789DF8C518E60D8200DE045D /* SomethingTODOTests-Info.plist */,
				789DF8C618E60D8200DE045D /* InfoPlist.strings */,
			);
			name = "Supporting Files";
			sourceTree = "<group>";
		};
/* End PBXGroup section */

/* Begin PBXNativeTarget section */
		789DF89A18E60D8200DE045D /* SomethingTODO */ = {
			isa = PBXNativeTarget;
			buildConfigurationList = 789DF8CD18E60D8200DE045D /* Build configuration list for PBXNativeTarget "SomethingTODO" */;
			buildPhases = (
				789DF89718E60D8200DE045D /* Sources */,
				789DF89818E60D8200DE045D /* Frameworks */,
				789DF89918E60D8200DE045D /* Resources */,
			);
			buildRules = (
			);
			dependencies = (
			);
			name = SomethingTODO;
			productName = SomethingTODO;
			productReference = 789DF89B18E60D8200DE045D /* SomethingTODO.app */;
			productType = "com.apple.product-type.application";
		};
		789DF8BB18E60D8200DE045D /* SomethingTODOTests */ = {
			isa = PBXNativeTarget;
			buildConfigurationList = 789DF8D018E60D8200DE045D /* Build configuration list for PBXNativeTarget "SomethingTODOTests" */;
			buildPhases = (
				789DF8B818E60D8200DE045D /* Sources */,
				789DF8B918E60D8200DE045D /* Frameworks */,
				789DF8BA18E60D8200DE045D /* Resources */,
			);
			buildRules = (
			);
			dependencies = (
				789DF8C218E60D8200DE045D /* PBXTargetDependency */,
			);
			name = SomethingTODOTests;
			productName = SomethingTODOTests;
			productReference = 789DF8BC18E60D8200DE045D /* SomethingTODOTests.xctest */;
			productType = "com.apple.product-type.bundle.unit-test";
		};
/* End PBXNativeTarget section */

/* Begin PBXProject section */
		789DF89318E60D8200DE045D /* Project object */ = {
			isa = PBXProject;
			attributes = {
				CLASSPREFIX = STD;
				LastUpgradeCheck = 0510;
				ORGANIZATIONNAME = "Alex Franco";
				TargetAttributes = {
					789DF8BB18E60D8200DE045D = {
						TestTargetID = 789DF89A18E60D8200DE045D;
					};
				};
			};
			buildConfigurationList = 789DF89618E60D8200DE045D /* Build configuration list for PBXProject "SomethingTODO" */;
			compatibilityVersion = "Xcode 3.2";
			developmentRegion = English;
			hasScannedForEncodings = 0;
			knownRegions = (
				en,
				Base,
			);
			mainGroup = 789DF89218E60D8200DE045D;
			productRefGroup = 789DF89C18E60D8200DE045D /* Products */;
			projectDirPath = "";
			projectRoot = "";
			targets = (
				789DF89A18E60D8200DE045D /* SomethingTODO */,
				789DF8BB18E60D8200DE045D /* SomethingTODOTests */,
			);
		};
/* End PBXProject section */

/* Begin PBXResourcesBuildPhase section */
		789DF89918E60D8200DE045D /* Resources */ = {
			isa = PBXResourcesBuildPhase;
			buildActionMask = 2147483647;
			files = (
				789DF8B718E60D8200DE045D /* Images.xcassets in Resources */,
				789DF8A918E60D8200DE045D /* InfoPlist.strings in Resources */,
				789DF8B218E60D8200DE045D /* Main.storyboard in Resources */,
			);
			runOnlyForDeploymentPostprocessing = 0;
		};
		789DF8BA18E60D8200DE045D /* Resources */ = {
			isa = PBXResourcesBuildPhase;
			buildActionMask = 2147483647;
			files = (
				789DF8C818E60D8200DE045D /* InfoPlist.strings in Resources */,
			);
			runOnlyForDeploymentPostprocessing = 0;
		};
/* End PBXResourcesBuildPhase section */

/* Begin PBXSourcesBuildPhase section */
		789DF89718E60D8200DE045D /* Sources */ = {
			isa = PBXSourcesBuildPhase;
			buildActionMask = 2147483647;
			files = (
				789DF8B518E60D8200DE045D /* STDViewController.m in Sources */,
				789DF8AF18E60D8200DE045D /* STDAppDelegate.m in Sources */,
				789DF8AB18E60D8200DE045D /* main.m in Sources */,
			);
			runOnlyForDeploymentPostprocessing = 0;
		};
		789DF8B818E60D8200DE045D /* Sources */ = {
			isa = PBXSourcesBuildPhase;
			buildActionMask = 2147483647;
			files = (
				789DF8CA18E60D8200DE045D /* SomethingTODOTests.m in Sources */,
			);
			runOnlyForDeploymentPostprocessing = 0;
		};
/* End PBXSourcesBuildPhase section */

/* Begin PBXTargetDependency section */
		789DF8C218E60D8200DE045D /* PBXTargetDependency */ = {
			isa = PBXTargetDependency;
			target = 789DF89A18E60D8200DE045D /* SomethingTODO */;
			targetProxy = 789DF8C118E60D8200DE045D /* PBXContainerItemProxy */;
		};
/* End PBXTargetDependency section */

/* Begin PBXVariantGroup section */
		789DF8A718E60D8200DE045D /* InfoPlist.strings */ = {
			isa = PBXVariantGroup;
			children = (
				789DF8A818E60D8200DE045D /* en */,
			);
			name = InfoPlist.strings;
			sourceTree = "<group>";
		};
		789DF8B018E60D8200DE045D /* Main.storyboard */ = {
			isa = PBXVariantGroup;
			children = (
				789DF8B118E60D8200DE045D /* Base */,
			);
			name = Main.storyboard;
			sourceTree = "<group>";
		};
		789DF8C618E60D8200DE045D /* InfoPlist.strings */ = {
			isa = PBXVariantGroup;
			children = (
				789DF8C718E60D8200DE045D /* en */,
			);
			name = InfoPlist.strings;
			sourceTree = "<group>";
		};
/* End PBXVariantGroup section */

/* Begin XCBuildConfiguration section */
		789DF8CB18E60D8200DE045D /* Debug */ = {
			isa = XCBuildConfiguration;
			buildSettings = {
				ALWAYS_SEARCH_USER_PATHS = NO;
				CLANG_CXX_LANGUAGE_STANDARD = "gnu++0x";
				CLANG_CXX_LIBRARY = "libc++";
				CLANG_ENABLE_MODULES = YES;
				CLANG_ENABLE_OBJC_ARC = YES;
				CLANG_WARN_BOOL_CONVERSION = YES;
				CLANG_WARN_CONSTANT_CONVERSION = YES;
				CLANG_WARN_DIRECT_OBJC_ISA_USAGE = YES_ERROR;
				CLANG_WARN_EMPTY_BODY = YES;
				CLANG_WARN_ENUM_CONVERSION = YES;
				CLANG_WARN_INT_CONVERSION = YES;
				CLANG_WARN_OBJC_ROOT_CLASS = YES_ERROR;
				CLANG_WARN__DUPLICATE_METHOD_MATCH = YES;
				"CODE_SIGN_IDENTITY[sdk=iphoneos*]" = "iPhone Developer";
				COPY_PHASE_STRIP = NO;
				GCC_C_LANGUAGE_STANDARD = gnu99;
				GCC_DYNAMIC_NO_PIC = NO;
				GCC_OPTIMIZATION_LEVEL = 0;
				GCC_PREPROCESSOR_DEFINITIONS = (
					"DEBUG=1",
					"$(inherited)",
				);
				GCC_SYMBOLS_PRIVATE_EXTERN = NO;
				GCC_WARN_64_TO_32_BIT_CONVERSION = YES;
				GCC_WARN_ABOUT_RETURN_TYPE = YES_ERROR;
				GCC_WARN_UNDECLARED_SELECTOR = YES;
				GCC_WARN_UNINITIALIZED_AUTOS = YES_AGGRESSIVE;
				GCC_WARN_UNUSED_FUNCTION = YES;
				GCC_WARN_UNUSED_VARIABLE = YES;
				IPHONEOS_DEPLOYMENT_TARGET = 7.1;
				ONLY_ACTIVE_ARCH = YES;
				SDKROOT = iphoneos;
			};
			name = Debug;
		};
		789DF8CC18E60D8200DE045D /* Release */ = {
			isa = XCBuildConfiguration;
			buildSettings = {
				ALWAYS_SEARCH_USER_PATHS = NO;
				CLANG_CXX_LANGUAGE_STANDARD = "gnu++0x";
				CLANG_CXX_LIBRARY = "libc++";
				CLANG_ENABLE_MODULES = YES;
				CLANG_ENABLE_OBJC_ARC = YES;
				CLANG_WARN_BOOL_CONVERSION = YES;
				CLANG_WARN_CONSTANT_CONVERSION = YES;
				CLANG_WARN_DIRECT_OBJC_ISA_USAGE = YES_ERROR;
				CLANG_WARN_EMPTY_BODY = YES;
				CLANG_WARN_ENUM_CONVERSION = YES;
				CLANG_WARN_INT_CONVERSION = YES;
				CLANG_WARN_OBJC_ROOT_CLASS = YES_ERROR;
				CLANG_WARN__DUPLICATE_METHOD_MATCH = YES;
				"CODE_SIGN_IDENTITY[sdk=iphoneos*]" = "iPhone Developer";
				COPY_PHASE_STRIP = YES;
				ENABLE_NS_ASSERTIONS = NO;
				GCC_C_LANGUAGE_STANDARD = gnu99;
				GCC_WARN_64_TO_32_BIT_CONVERSION = YES;
				GCC_WARN_ABOUT_RETURN_TYPE = YES_ERROR;
				GCC_WARN_UNDECLARED_SELECTOR = YES;
				GCC_WARN_UNINITIALIZED_AUTOS = YES_AGGRESSIVE;
				GCC_WARN_UNUSED_FUNCTION = YES;
				GCC_WARN_UNUSED_VARIABLE = YES;
				IPHONEOS_DEPLOYMENT_TARGET = 7.1;
				SDKROOT = iphoneos;
				VALIDATE_PRODUCT = YES;
			};
			name = Release;
		};
		789DF8CE18E60D8200DE045D /* Debug */ = {
			isa = XCBuildConfiguration;
			buildSettings = {
				ASSETCATALOG_COMPILER_APPICON_NAME = AppIcon;
				ASSETCATALOG_COMPILER_LAUNCHIMAGE_NAME = LaunchImage;
				GCC_PRECOMPILE_PREFIX_HEADER = YES;
				GCC_PREFIX_HEADER = "SomethingTODO/SomethingTODO-Prefix.pch";
				INFOPLIST_FILE = "SomethingTODO/SomethingTODO-Info.plist";
				PRODUCT_NAME = "$(TARGET_NAME)";
				WRAPPER_EXTENSION = app;
			};
			name = Debug;
		};
		789DF8CF18E60D8200DE045D /* Release */ = {
			isa = XCBuildConfiguration;
			buildSettings = {
				ASSETCATALOG_COMPILER_APPICON_NAME = AppIcon;
				ASSETCATALOG_COMPILER_LAUNCHIMAGE_NAME = LaunchImage;
				GCC_PRECOMPILE_PREFIX_HEADER = YES;
				GCC_PREFIX_HEADER = "SomethingTODO/SomethingTODO-Prefix.pch";
				INFOPLIST_FILE = "SomethingTODO/SomethingTODO-Info.plist";
				PRODUCT_NAME = "$(TARGET_NAME)";
				WRAPPER_EXTENSION = app;
			};
			name = Release;
		};
		789DF8D118E60D8200DE045D /* Debug */ = {
			isa = XCBuildConfiguration;
			buildSettings = {
				BUNDLE_LOADER = "$(BUILT_PRODUCTS_DIR)/SomethingTODO.app/SomethingTODO";
				FRAMEWORK_SEARCH_PATHS = (
					"$(SDKROOT)/Developer/Library/Frameworks",
					"$(inherited)",
					"$(DEVELOPER_FRAMEWORKS_DIR)",
				);
				GCC_PRECOMPILE_PREFIX_HEADER = YES;
				GCC_PREFIX_HEADER = "SomethingTODO/SomethingTODO-Prefix.pch";
				GCC_PREPROCESSOR_DEFINITIONS = (
					"DEBUG=1",
					"$(inherited)",
				);
				INFOPLIST_FILE = "SomethingTODOTests/SomethingTODOTests-Info.plist";
				PRODUCT_NAME = "$(TARGET_NAME)";
				TEST_HOST = "$(BUNDLE_LOADER)";
				WRAPPER_EXTENSION = xctest;
			};
			name = Debug;
		};
		789DF8D218E60D8200DE045D /* Release */ = {
			isa = XCBuildConfiguration;
			buildSettings = {
				BUNDLE_LOADER = "$(BUILT_PRODUCTS_DIR)/SomethingTODO.app/SomethingTODO";
				FRAMEWORK_SEARCH_PATHS = (
					"$(SDKROOT)/Developer/Library/Frameworks",
					"$(inherited)",
					"$(DEVELOPER_FRAMEWORKS_DIR)",
				);
				GCC_PRECOMPILE_PREFIX_HEADER = YES;
				GCC_PREFIX_HEADER = "SomethingTODO/SomethingTODO-Prefix.pch";
				INFOPLIST_FILE = "SomethingTODOTests/SomethingTODOTests-Info.plist";
				PRODUCT_NAME = "$(TARGET_NAME)";
				TEST_HOST = "$(BUNDLE_LOADER)";
				WRAPPER_EXTENSION = xctest;
			};
			name = Release;
		};
/* End XCBuildConfiguration section */

/* Begin XCConfigurationList section */
		789DF89618E60D8200DE045D /* Build configuration list for PBXProject "SomethingTODO" */ = {
			isa = XCConfigurationList;
			buildConfigurations = (
				789DF8CB18E60D8200DE045D /* Debug */,
				789DF8CC18E60D8200DE045D /* Release */,
			);
			defaultConfigurationIsVisible = 0;
			defaultConfigurationName = Release;
		};
		789DF8CD18E60D8200DE045D /* Build configuration list for PBXNativeTarget "SomethingTODO" */ = {
			isa = XCConfigurationList;
			buildConfigurations = (
				789DF8CE18E60D8200DE045D /* Debug */,
				789DF8CF18E60D8200DE045D /* Release */,
			);
			defaultConfigurationIsVisible = 0;
		};
		789DF8D018E60D8200DE045D /* Build configuration list for PBXNativeTarget "SomethingTODOTests" */ = {
			isa = XCConfigurationList;
			buildConfigurations = (
				789DF8D118E60D8200DE045D /* Debug */,
				789DF8D218E60D8200DE045D /* Release */,
			);
			defaultConfigurationIsVisible = 0;
		};
/* End XCConfigurationList section */
	};
	rootObject = 789DF89318E60D8200DE045D /* Project object */;
}
